# This file is automatically @generated by Cargo.
# It is not intended for manual editing.
version = 4

[[package]]
name = "lexopt"
version = "0.3.2"
source = "registry+https://github.com/rust-lang/crates.io-index"
checksum = "803ec87c9cfb29b9d2633f20cba1f488db3fd53f2158b1024cbefb47ba05d413"

[[package]]
name = "nanocolor"
version = "0.1.1"
source = "registry+https://github.com/rust-lang/crates.io-index"
checksum = "219cb087d6ae90eb86625aba90d3f5038c97bc0083010affd37d18466c7c8071"

[[package]]
name = "nanologger"
version = "0.1.1"
source = "registry+https://github.com/rust-lang/crates.io-index"
checksum = "b759e883ccae36346b1780d4b1219d4b920181d6b895e34acba4b16408c4cce6"
dependencies = [
 "nanocolor",
 "nanotime",
]

[[package]]
name = "nanotime"
version = "0.1.1"
source = "registry+https://github.com/rust-lang/crates.io-index"
checksum = "05846a813f29c118193ed64bc0d28d8aff3058fb5bb49427da7649c57069a577"

[[package]]
name = "nixos-install-tfg"
version = "0.1.0"
dependencies = [
 "lexopt",
 "nanologger",
 "nojson",
]

[[package]]
name = "nojson"
version = "0.3.14"
source = "registry+https://github.com/rust-lang/crates.io-index"
checksum = "a084c733ce77a9aa98545d3d17e754931421ec37d58e1786c1a944a7b1fb3a93"
